
Microsoft Visual Studio Solution File, Format Version 12.00
# Visual Studio Version 17
VisualStudioVersion = 17.8.34408.163
MinimumVisualStudioVersion = 10.0.40219.1
Project("{FAE04EC0-301F-11D3-BF4B-00C04F79EFBC}") = "FindYourFriendAmongPets.API", "FindYourFriendAmongPets.API\FindYourFriendAmongPets.API.csproj", "{308162DC-07A7-45EC-9259-11832993EF9B}"
EndProject
Global
	GlobalSection(SolutionConfigurationPlatforms) = preSolution
		Debug|Any CPU = Debug|Any CPU
		Release|Any CPU = Release|Any CPU
	EndGlobalSection
	GlobalSection(ProjectConfigurationPlatforms) = postSolution
		{308162DC-07A7-45EC-9259-11832993EF9B}.Debug|Any CPU.ActiveCfg = Debug|Any CPU
		{308162DC-07A7-45EC-9259-11832993EF9B}.Debug|Any CPU.Build.0 = Debug|Any CPU
		{308162DC-07A7-45EC-9259-11832993EF9B}.Release|Any CPU.ActiveCfg = Release|Any CPU
		{308162DC-07A7-45EC-9259-11832993EF9B}.Release|Any CPU.Build.0 = Release|Any CPU
	EndGlobalSection
	GlobalSection(SolutionProperties) = preSolution
		HideSolutionNode = FALSE
	EndGlobalSection
	GlobalSection(ExtensibilityGlobals) = postSolution
		SolutionGuid = {B8FE3C70-14AB-4911-8A14-5F8F6B81A974}
	EndGlobalSection
EndGlobal
